
Microsoft Visual Studio Solution File, Format Version 12.00
# Visual Studio Version 17
VisualStudioVersion = 17.9.34526.213
MinimumVisualStudioVersion = 10.0.40219.1
Project("{FAE04EC0-301F-11D3-BF4B-00C04F79EFBC}") = "LINQ SQL", "LINQ SQL.csproj", "{15F76117-F1CC-48F4-9365-8C67BD6660DE}"
EndProject
Global
	GlobalSection(SolutionConfigurationPlatforms) = preSolution
		Debug|Any CPU = Debug|Any CPU
		Release|Any CPU = Release|Any CPU
	EndGlobalSection
	GlobalSection(ProjectConfigurationPlatforms) = postSolution
		{15F76117-F1CC-48F4-9365-8C67BD6660DE}.Debug|Any CPU.ActiveCfg = Debug|Any CPU
		{15F76117-F1CC-48F4-9365-8C67BD6660DE}.Debug|Any CPU.Build.0 = Debug|Any CPU
		{15F76117-F1CC-48F4-9365-8C67BD6660DE}.Release|Any CPU.ActiveCfg = Release|Any CPU
		{15F76117-F1CC-48F4-9365-8C67BD6660DE}.Release|Any CPU.Build.0 = Release|Any CPU
	EndGlobalSection
	GlobalSection(SolutionProperties) = preSolution
		HideSolutionNode = FALSE
	EndGlobalSection
	GlobalSection(ExtensibilityGlobals) = postSolution
		SolutionGuid = {A0F0A097-2867-4418-8AEC-B4E254B7D45E}
	EndGlobalSection
EndGlobal
